
Microsoft Visual Studio Solution File, Format Version 12.00
# Visual Studio Version 17
VisualStudioVersion = 17.9.34622.214
MinimumVisualStudioVersion = 10.0.40219.1
Project("{8BC9CEB8-8B4A-11D0-8D11-00A0C91BC942}") = "Test_5", "Test_5\Test_5.vcxproj", "{6FDF79BC-AC1E-4CC9-9C80-F9C8657B6D92}"
EndProject
Global
	GlobalSection(SolutionConfigurationPlatforms) = preSolution
		Debug|x64 = Debug|x64
		Debug|x86 = Debug|x86
		Release|x64 = Release|x64
		Release|x86 = Release|x86
	EndGlobalSection
	GlobalSection(ProjectConfigurationPlatforms) = postSolution
		{6FDF79BC-AC1E-4CC9-9C80-F9C8657B6D92}.Debug|x64.ActiveCfg = Debug|x64
		{6FDF79BC-AC1E-4CC9-9C80-F9C8657B6D92}.Debug|x64.Build.0 = Debug|x64
		{6FDF79BC-AC1E-4CC9-9C80-F9C8657B6D92}.Debug|x86.ActiveCfg = Debug|Win32
		{6FDF79BC-AC1E-4CC9-9C80-F9C8657B6D92}.Debug|x86.Build.0 = Debug|Win32
		{6FDF79BC-AC1E-4CC9-9C80-F9C8657B6D92}.Release|x64.ActiveCfg = Release|x64
		{6FDF79BC-AC1E-4CC9-9C80-F9C8657B6D92}.Release|x64.Build.0 = Release|x64
		{6FDF79BC-AC1E-4CC9-9C80-F9C8657B6D92}.Release|x86.ActiveCfg = Release|Win32
		{6FDF79BC-AC1E-4CC9-9C80-F9C8657B6D92}.Release|x86.Build.0 = Release|Win32
	EndGlobalSection
	GlobalSection(SolutionProperties) = preSolution
		HideSolutionNode = FALSE
	EndGlobalSection
	GlobalSection(ExtensibilityGlobals) = postSolution
		SolutionGuid = {861D0603-D35B-418B-8D1C-74DE6A9759E2}
	EndGlobalSection
EndGlobal
